
Microsoft Visual Studio Solution File, Format Version 12.00
# Visual Studio 14
VisualStudioVersion = 14.0.25420.1
MinimumVisualStudioVersion = 10.0.40219.1
Project("{FAE04EC0-301F-11D3-BF4B-00C04F79EFBC}") = "M11J1", "M11J1\M11J1.csproj", "{F43678D3-5D96-4A82-8A92-68CEC4D4A4C7}"
EndProject
Project("{FAE04EC0-301F-11D3-BF4B-00C04F79EFBC}") = "RunTests", "RunTests\RunTests.csproj", "{1675B72C-573D-4E54-9D89-25BD778D8CD8}"
EndProject
Global
	GlobalSection(SolutionConfigurationPlatforms) = preSolution
		Debug|Any CPU = Debug|Any CPU
		Release|Any CPU = Release|Any CPU
	EndGlobalSection
	GlobalSection(ProjectConfigurationPlatforms) = postSolution
		{F43678D3-5D96-4A82-8A92-68CEC4D4A4C7}.Debug|Any CPU.ActiveCfg = Debug|Any CPU
		{F43678D3-5D96-4A82-8A92-68CEC4D4A4C7}.Debug|Any CPU.Build.0 = Debug|Any CPU
		{F43678D3-5D96-4A82-8A92-68CEC4D4A4C7}.Release|Any CPU.ActiveCfg = Release|Any CPU
		{F43678D3-5D96-4A82-8A92-68CEC4D4A4C7}.Release|Any CPU.Build.0 = Release|Any CPU
		{1675B72C-573D-4E54-9D89-25BD778D8CD8}.Debug|Any CPU.ActiveCfg = Debug|Any CPU
		{1675B72C-573D-4E54-9D89-25BD778D8CD8}.Debug|Any CPU.Build.0 = Debug|Any CPU
		{1675B72C-573D-4E54-9D89-25BD778D8CD8}.Release|Any CPU.ActiveCfg = Release|Any CPU
		{1675B72C-573D-4E54-9D89-25BD778D8CD8}.Release|Any CPU.Build.0 = Release|Any CPU
	EndGlobalSection
	GlobalSection(SolutionProperties) = preSolution
		HideSolutionNode = FALSE
	EndGlobalSection
EndGlobal
