
Microsoft Visual Studio Solution File, Format Version 12.00
# Visual Studio 14
VisualStudioVersion = 14.0.25420.1
MinimumVisualStudioVersion = 10.0.40219.1
Project("{FAE04EC0-301F-11D3-BF4B-00C04F79EFBC}") = "M11JProject", "M11JProject\M11JProject.csproj", "{34D7697F-8129-4A1F-9CD5-E74F9F3526D9}"
EndProject
Project("{FAE04EC0-301F-11D3-BF4B-00C04F79EFBC}") = "RunTests", "RunTests\RunTests.csproj", "{76CCDD77-0DEF-4D12-B166-D0A9BA52B5CE}"
EndProject
Global
	GlobalSection(SolutionConfigurationPlatforms) = preSolution
		Debug|Any CPU = Debug|Any CPU
		Release|Any CPU = Release|Any CPU
	EndGlobalSection
	GlobalSection(ProjectConfigurationPlatforms) = postSolution
		{34D7697F-8129-4A1F-9CD5-E74F9F3526D9}.Debug|Any CPU.ActiveCfg = Debug|Any CPU
		{34D7697F-8129-4A1F-9CD5-E74F9F3526D9}.Debug|Any CPU.Build.0 = Debug|Any CPU
		{34D7697F-8129-4A1F-9CD5-E74F9F3526D9}.Release|Any CPU.ActiveCfg = Release|Any CPU
		{34D7697F-8129-4A1F-9CD5-E74F9F3526D9}.Release|Any CPU.Build.0 = Release|Any CPU
		{76CCDD77-0DEF-4D12-B166-D0A9BA52B5CE}.Debug|Any CPU.ActiveCfg = Debug|Any CPU
		{76CCDD77-0DEF-4D12-B166-D0A9BA52B5CE}.Debug|Any CPU.Build.0 = Debug|Any CPU
		{76CCDD77-0DEF-4D12-B166-D0A9BA52B5CE}.Release|Any CPU.ActiveCfg = Release|Any CPU
		{76CCDD77-0DEF-4D12-B166-D0A9BA52B5CE}.Release|Any CPU.Build.0 = Release|Any CPU
	EndGlobalSection
	GlobalSection(SolutionProperties) = preSolution
		HideSolutionNode = FALSE
	EndGlobalSection
EndGlobal
